
Microsoft Visual Studio Solution File, Format Version 12.00
# Visual Studio Version 17
VisualStudioVersion = 17.10.35013.160
MinimumVisualStudioVersion = 10.0.40219.1
Project("{FAE04EC0-301F-11D3-BF4B-00C04F79EFBC}") = "PRUEBA_PAG_DATATABLE", "PRUEBA_PAG_DATATABLE.csproj", "{4AA16AAD-46D6-4195-8A8C-E3625F7F7AFE}"
EndProject
Global
	GlobalSection(SolutionConfigurationPlatforms) = preSolution
		Debug|Any CPU = Debug|Any CPU
		Release|Any CPU = Release|Any CPU
	EndGlobalSection
	GlobalSection(ProjectConfigurationPlatforms) = postSolution
		{4AA16AAD-46D6-4195-8A8C-E3625F7F7AFE}.Debug|Any CPU.ActiveCfg = Debug|Any CPU
		{4AA16AAD-46D6-4195-8A8C-E3625F7F7AFE}.Debug|Any CPU.Build.0 = Debug|Any CPU
		{4AA16AAD-46D6-4195-8A8C-E3625F7F7AFE}.Release|Any CPU.ActiveCfg = Release|Any CPU
		{4AA16AAD-46D6-4195-8A8C-E3625F7F7AFE}.Release|Any CPU.Build.0 = Release|Any CPU
	EndGlobalSection
	GlobalSection(SolutionProperties) = preSolution
		HideSolutionNode = FALSE
	EndGlobalSection
	GlobalSection(ExtensibilityGlobals) = postSolution
		SolutionGuid = {9C3AC983-28D3-4093-89EE-3F6B25C71613}
	EndGlobalSection
EndGlobal
